
Microsoft Visual Studio Solution File, Format Version 12.00
# Visual Studio Version 17
VisualStudioVersion = 17.10.34928.147
MinimumVisualStudioVersion = 10.0.40219.1
Project("{FAE04EC0-301F-11D3-BF4B-00C04F79EFBC}") = "Estructura", "Estructura.csproj", "{BBE43C33-8F01-44F9-BF5D-8E570336E960}"
EndProject
Global
	GlobalSection(SolutionConfigurationPlatforms) = preSolution
		Debug|Any CPU = Debug|Any CPU
		Release|Any CPU = Release|Any CPU
	EndGlobalSection
	GlobalSection(ProjectConfigurationPlatforms) = postSolution
		{BBE43C33-8F01-44F9-BF5D-8E570336E960}.Debug|Any CPU.ActiveCfg = Debug|Any CPU
		{BBE43C33-8F01-44F9-BF5D-8E570336E960}.Debug|Any CPU.Build.0 = Debug|Any CPU
		{BBE43C33-8F01-44F9-BF5D-8E570336E960}.Release|Any CPU.ActiveCfg = Release|Any CPU
		{BBE43C33-8F01-44F9-BF5D-8E570336E960}.Release|Any CPU.Build.0 = Release|Any CPU
	EndGlobalSection
	GlobalSection(SolutionProperties) = preSolution
		HideSolutionNode = FALSE
	EndGlobalSection
	GlobalSection(ExtensibilityGlobals) = postSolution
		SolutionGuid = {77479875-0DBE-4CE6-94E6-439A3DC7B889}
	EndGlobalSection
EndGlobal
